
Microsoft Visual Studio Solution File, Format Version 12.00
# Visual Studio Version 16
VisualStudioVersion = 16.0.30320.27
MinimumVisualStudioVersion = 10.0.40219.1
Project("{FAE04EC0-301F-11D3-BF4B-00C04F79EFBC}") = "OpenAddressing1", "OpenAddressing1\OpenAddressing1.csproj", "{DE31A44C-79F9-46B0-BDB7-9F677448F532}"
EndProject
Global
	GlobalSection(SolutionConfigurationPlatforms) = preSolution
		Debug|Any CPU = Debug|Any CPU
		Release|Any CPU = Release|Any CPU
	EndGlobalSection
	GlobalSection(ProjectConfigurationPlatforms) = postSolution
		{DE31A44C-79F9-46B0-BDB7-9F677448F532}.Debug|Any CPU.ActiveCfg = Debug|Any CPU
		{DE31A44C-79F9-46B0-BDB7-9F677448F532}.Debug|Any CPU.Build.0 = Debug|Any CPU
		{DE31A44C-79F9-46B0-BDB7-9F677448F532}.Release|Any CPU.ActiveCfg = Release|Any CPU
		{DE31A44C-79F9-46B0-BDB7-9F677448F532}.Release|Any CPU.Build.0 = Release|Any CPU
	EndGlobalSection
	GlobalSection(SolutionProperties) = preSolution
		HideSolutionNode = FALSE
	EndGlobalSection
	GlobalSection(ExtensibilityGlobals) = postSolution
		SolutionGuid = {B12571A6-6ED1-49DB-BDD3-06C55FA9F593}
	EndGlobalSection
EndGlobal
